<?xml version="1.0" encoding="utf-8"?>
<Project ToolsVersion="4.0" xmlns="http://schemas.microsoft.com/developer/msbuild/2003">
  <ItemGroup>
    <Filter Include="源文件">
      <UniqueIdentifier>{4FC737F1-C7A5-4376-A066-2A32D752A2FF}</UniqueIdentifier>
      <Extensions>cpp;c;cc;cxx;def;odl;idl;hpj;bat;asm;asmx</Extensions>
    </Filter>
    <Filter Include="头文件">
      <UniqueIdentifier>{93995380-89BD-4b04-88EB-625FBE52EBFB}</UniqueIdentifier>
      <Extensions>h;hh;hpp;hxx;hm;inl;inc;xsd</Extensions>
    </Filter>
    <Filter Include="资源文件">
      <UniqueIdentifier>{67DA6AB6-F800-4c08-8B7A-83BB121AAD01}</UniqueIdentifier>
      <Extensions>rc;ico;cur;bmp;dlg;rc2;rct;bin;rgs;gif;jpg;jpeg;jpe;resx;tiff;tif;png;wav;mfcribbon-ms</Extensions>
    </Filter>
    <Filter Include="Topics">
      <UniqueIdentifier>{2c00fadd-84e5-426a-a800-840b617c5328}</UniqueIdentifier>
    </Filter>
    <Filter Include="Topics\MediaPlayer">
      <UniqueIdentifier>{1ecf1778-f7b0-4244-aa76-840715aca02e}</UniqueIdentifier>
    </Filter>
    <Filter Include="AppSupport">
      <UniqueIdentifier>{094c3552-a0d7-4fd8-a55a-c3a5154ff463}</UniqueIdentifier>
    </Filter>
    <Filter Include="Topics\MediaPlayer\MediaPlayerUI">
      <UniqueIdentifier>{3bf86164-d799-4f5e-83b6-1443cb5221e9}</UniqueIdentifier>
    </Filter>
    <Filter Include="zegosdk">
      <UniqueIdentifier>{2306dd51-ae6f-416f-8ac5-f138cec1e9b9}</UniqueIdentifier>
    </Filter>
    <Filter Include="Topics\MediaSideInfo">
      <UniqueIdentifier>{cbbab482-1287-495a-b50a-5382674db0a9}</UniqueIdentifier>
    </Filter>
    <Filter Include="Topics\MediaSideInfo\MediaSideInfoUI">
      <UniqueIdentifier>{1d418b7b-6cac-4d35-af27-75415cf19910}</UniqueIdentifier>
    </Filter>
    <Filter Include="Topics\MediaRecorder">
      <UniqueIdentifier>{e312734a-7e1e-4801-8bae-6cc93f04459a}</UniqueIdentifier>
    </Filter>
    <Filter Include="Topics\MediaRecorder\MediaRecorderUI">
      <UniqueIdentifier>{c71f1b98-5698-49bb-a029-dc3cb4448146}</UniqueIdentifier>
    </Filter>
    <Filter Include="Topics\ExternalVideoCapture">
      <UniqueIdentifier>{b303479c-60dd-46fc-ac1d-a8e67f857786}</UniqueIdentifier>
    </Filter>
    <Filter Include="Topics\ExternalVideoCapture\ExternalVideoCaptureUI">
      <UniqueIdentifier>{9df5b877-6e9d-4b68-bc01-639ec7ce3d10}</UniqueIdentifier>
    </Filter>
    <Filter Include="Topics\ExternalVideoRender">
      <UniqueIdentifier>{3915803a-d26e-4213-af0e-99775a1883f1}</UniqueIdentifier>
    </Filter>
    <Filter Include="Topics\ExternalVideoRender\ExternalVideoRenderUI">
      <UniqueIdentifier>{1ed82aef-3993-420c-aa25-57f0598ddf9b}</UniqueIdentifier>
    </Filter>
    <Filter Include="Topics\Publish">
      <UniqueIdentifier>{3fc3d325-6e64-43df-bbaf-f89915f68617}</UniqueIdentifier>
    </Filter>
    <Filter Include="Topics\Publish\PublishUI">
      <UniqueIdentifier>{b63ff058-3f37-430e-819a-7bba2ceae368}</UniqueIdentifier>
    </Filter>
    <Filter Include="Topics\ExternalVideoFilter">
      <UniqueIdentifier>{4d90d47d-35ee-430f-8d44-6cc207b935e0}</UniqueIdentifier>
    </Filter>
    <Filter Include="Topics\ExternalVideoFilter\ExternalVideoFilterUI">
      <UniqueIdentifier>{8029428d-0389-4354-954f-17bb3dcd4efc}</UniqueIdentifier>
    </Filter>
    <Filter Include="Topics\Play">
      <UniqueIdentifier>{ed46b81a-2d4e-4f1f-801a-61c2ef62733b}</UniqueIdentifier>
    </Filter>
    <Filter Include="Topics\Play\PlayUI">
      <UniqueIdentifier>{5c011c02-c151-4caf-8d4e-8b0f1bb6ed0b}</UniqueIdentifier>
    </Filter>
    <Filter Include="Topics\VideoCommunication">
      <UniqueIdentifier>{0755d37e-86ad-4b22-876c-704e959f2089}</UniqueIdentifier>
    </Filter>
    <Filter Include="Topics\VideoCommunication\VideoCommunicationUI">
      <UniqueIdentifier>{12047ed5-dd67-4e57-9cc4-862013358967}</UniqueIdentifier>
    </Filter>
    <Filter Include="Topics\JoinLive">
      <UniqueIdentifier>{756916d4-2b18-42c6-81ec-cb727ff96d33}</UniqueIdentifier>
    </Filter>
    <Filter Include="Topics\JoinLive\JoinLiveUI">
      <UniqueIdentifier>{b7af5c98-ca5d-4a14-9704-c3729348db04}</UniqueIdentifier>
    </Filter>
    <Filter Include="Topics\MixStream">
      <UniqueIdentifier>{1557f4e0-7317-40d6-988b-d68fec04266e}</UniqueIdentifier>
    </Filter>
    <Filter Include="Topics\MixStream\MixStreamUI">
      <UniqueIdentifier>{f29d8072-0037-4135-9e67-44a59c76e213}</UniqueIdentifier>
    </Filter>
  </ItemGroup>
  <ItemGroup>
    <Text Include="ReadMe.txt" />
  </ItemGroup>
  <ItemGroup>
    <ClInclude Include="stdafx.h">
      <Filter>头文件</Filter>
    </ClInclude>
    <ClInclude Include="targetver.h">
      <Filter>头文件</Filter>
    </ClInclude>
    <ClInclude Include="Resource.h">
      <Filter>头文件</Filter>
    </ClInclude>
    <ClInclude Include="ZegoLiveRoomTopics.h">
      <Filter>头文件</Filter>
    </ClInclude>
    <ClInclude Include="..\Topics\MediaPlayer\ZGMediaPlayerDemo.h">
      <Filter>Topics\MediaPlayer</Filter>
    </ClInclude>
    <ClInclude Include="..\AppSupport\ZGHelper.h">
      <Filter>AppSupport</Filter>
    </ClInclude>
    <ClInclude Include="..\AppSupport\ZGManager.h">
      <Filter>AppSupport</Filter>
    </ClInclude>
    <ClInclude Include="..\Topics\MediaPlayer\MediaPlayerUI\MediaPlayerDialog.h">
      <Filter>Topics\MediaPlayer\MediaPlayerUI</Filter>
    </ClInclude>
    <ClInclude Include="..\Topics\MediaPlayer\MediaPlayerUI\resource.h">
      <Filter>Topics\MediaPlayer\MediaPlayerUI</Filter>
    </ClInclude>
    <ClInclude Include="..\Topics\MediaPlayer\ZGMediaPlayerDemoHelper.h">
      <Filter>Topics\MediaPlayer</Filter>
    </ClInclude>
    <ClInclude Include="..\AppSupport\ZGUtilTools.h">
      <Filter>AppSupport</Filter>
    </ClInclude>
    <ClInclude Include="..\Topics\MediaPlayer\ZGVideoCaptureForMediaPlayer.h">
      <Filter>Topics\MediaPlayer</Filter>
    </ClInclude>
    <ClInclude Include="..\libs\zegosdk\include\ZegoLiveRoom\audio_capture.h">
      <Filter>zegosdk</Filter>
    </ClInclude>
    <ClInclude Include="..\libs\zegosdk\include\ZegoLiveRoom\audio_in_output.h">
      <Filter>zegosdk</Filter>
    </ClInclude>
    <ClInclude Include="..\libs\zegosdk\include\ZegoLiveRoom\AVDefines.h">
      <Filter>zegosdk</Filter>
    </ClInclude>
    <ClInclude Include="..\libs\zegosdk\include\ZegoLiveRoom\ChatRoom.h">
      <Filter>zegosdk</Filter>
    </ClInclude>
    <ClInclude Include="..\libs\zegosdk\include\ZegoLiveRoom\ChatRoomCallback.h">
      <Filter>zegosdk</Filter>
    </ClInclude>
    <ClInclude Include="..\libs\zegosdk\include\ZegoLiveRoom\LiveRoom.h">
      <Filter>zegosdk</Filter>
    </ClInclude>
    <ClInclude Include="..\libs\zegosdk\include\ZegoLiveRoom\LiveRoomCallback.h">
      <Filter>zegosdk</Filter>
    </ClInclude>
    <ClInclude Include="..\libs\zegosdk\include\ZegoLiveRoom\LiveRoomCallback-IM.h">
      <Filter>zegosdk</Filter>
    </ClInclude>
    <ClInclude Include="..\libs\zegosdk\include\ZegoLiveRoom\LiveRoomCallback-Player.h">
      <Filter>zegosdk</Filter>
    </ClInclude>
    <ClInclude Include="..\libs\zegosdk\include\ZegoLiveRoom\LiveRoomCallback-Publisher.h">
      <Filter>zegosdk</Filter>
    </ClInclude>
    <ClInclude Include="..\libs\zegosdk\include\ZegoLiveRoom\LiveRoomDefines.h">
      <Filter>zegosdk</Filter>
    </ClInclude>
    <ClInclude Include="..\libs\zegosdk\include\ZegoLiveRoom\LiveRoomDefines-IM.h">
      <Filter>zegosdk</Filter>
    </ClInclude>
    <ClInclude Include="..\libs\zegosdk\include\ZegoLiveRoom\LiveRoomDefines-Publisher.h">
      <Filter>zegosdk</Filter>
    </ClInclude>
    <ClInclude Include="..\libs\zegosdk\include\ZegoLiveRoom\LiveRoom-IM.h">
      <Filter>zegosdk</Filter>
    </ClInclude>
    <ClInclude Include="..\libs\zegosdk\include\ZegoLiveRoom\LiveRoom-Player.h">
      <Filter>zegosdk</Filter>
    </ClInclude>
    <ClInclude Include="..\libs\zegosdk\include\ZegoLiveRoom\LiveRoom-Publisher.h">
      <Filter>zegosdk</Filter>
    </ClInclude>
    <ClInclude Include="..\libs\zegosdk\include\ZegoLiveRoom\media_player.h">
      <Filter>zegosdk</Filter>
    </ClInclude>
    <ClInclude Include="..\libs\zegosdk\include\ZegoLiveRoom\RoomDefines.h">
      <Filter>zegosdk</Filter>
    </ClInclude>
    <ClInclude Include="..\libs\zegosdk\include\ZegoLiveRoom\video_capture.h">
      <Filter>zegosdk</Filter>
    </ClInclude>
    <ClInclude Include="..\libs\zegosdk\include\ZegoLiveRoom\video_format.h">
      <Filter>zegosdk</Filter>
    </ClInclude>
    <ClInclude Include="..\libs\zegosdk\include\ZegoLiveRoom\zego-api-defines.h">
      <Filter>zegosdk</Filter>
    </ClInclude>
    <ClInclude Include="..\libs\zegosdk\include\ZegoLiveRoom\zego-api-external-video-capture.h">
      <Filter>zegosdk</Filter>
    </ClInclude>
    <ClInclude Include="..\libs\zegosdk\include\ZegoLiveRoom\zego-api-external-video-filter.h">
      <Filter>zegosdk</Filter>
    </ClInclude>
    <ClInclude Include="..\libs\zegosdk\include\ZegoLiveRoom\zego-api-mediaplayer.h">
      <Filter>zegosdk</Filter>
    </ClInclude>
    <ClInclude Include="..\libs\zegosdk\include\ZegoLiveRoom\zego-api-mix-engine-playout.h">
      <Filter>zegosdk</Filter>
    </ClInclude>
    <ClInclude Include="..\libs\zegosdk\include\ZegoLiveRoom\zego-api-mix-stream.h">
      <Filter>zegosdk</Filter>
    </ClInclude>
    <ClInclude Include="..\AppSupport\ZGUIOperator.h">
      <Filter>AppSupport</Filter>
    </ClInclude>
    <ClInclude Include="..\AppSupport\ZGLog.h">
      <Filter>AppSupport</Filter>
    </ClInclude>
    <ClInclude Include="..\Topics\MediaPlayer\MediaPlayerUI\ZGSlider.h">
      <Filter>Topics\MediaPlayer\MediaPlayerUI</Filter>
    </ClInclude>
    <ClInclude Include="..\Topics\MediaPlayer\ZGMediaPlayerPublishHelper.h">
      <Filter>Topics\MediaPlayer</Filter>
    </ClInclude>
    <ClInclude Include="..\Topics\MediaSideInfo\ZGMediaSideInfoDemo.h">
      <Filter>Topics\MediaSideInfo</Filter>
    </ClInclude>
    <ClInclude Include="..\Topics\MediaSideInfo\MediaSideInfoUI\MediaSideInfoDlg.h">
      <Filter>Topics\MediaSideInfo\MediaSideInfoUI</Filter>
    </ClInclude>
    <ClInclude Include="..\Topics\MediaSideInfo\MediaSideInfoUI\resource.h">
      <Filter>Topics\MediaSideInfo\MediaSideInfoUI</Filter>
    </ClInclude>
    <ClInclude Include="..\Topics\MediaSideInfo\ZGMediaSideInfoDemoEnvirentmentHelper.h">
      <Filter>Topics\MediaSideInfo</Filter>
    </ClInclude>
    <ClInclude Include="MediaRecorderDemo.h">
      <Filter>头文件</Filter>
    </ClInclude>
    <ClInclude Include="..\Topics\MediaRecorder\MediaRecorderUI\MediaRecorderDlg.h">
      <Filter>Topics\MediaRecorder\MediaRecorderUI</Filter>
    </ClInclude>
    <ClInclude Include="..\Topics\MediaRecorder\MediaRecorderUI\resource.h">
      <Filter>Topics\MediaRecorder\MediaRecorderUI</Filter>
    </ClInclude>
    <ClInclude Include="..\Topics\MediaRecorder\ZGMediaRecorderDemo.h">
      <Filter>Topics\MediaRecorder</Filter>
    </ClInclude>
    <ClInclude Include="..\Topics\MediaRecorder\ZGMediaRecorderDemoHelper.h">
      <Filter>Topics\MediaRecorder</Filter>
    </ClInclude>
    <ClInclude Include="..\Topics\MediaSideInfo\MediaSideInfoUI\MediaSideinfoPlayVideoDlg.h">
      <Filter>Topics\MediaSideInfo\MediaSideInfoUI</Filter>
    </ClInclude>
    <ClInclude Include="..\Topics\MediaSideInfo\MediaSideInfoUI\MediaSideInfoPannelDlg.h">
      <Filter>Topics\MediaSideInfo\MediaSideInfoUI</Filter>
    </ClInclude>
    <ClInclude Include="..\Topics\ExternalVideoCapture\ZGExternalVideoCaptureDemo.h">
      <Filter>Topics\ExternalVideoCapture</Filter>
    </ClInclude>
    <ClInclude Include="..\Topics\ExternalVideoCapture\ZGExternalVideoSource.h">
      <Filter>Topics\ExternalVideoCapture</Filter>
    </ClInclude>
    <ClInclude Include="..\Topics\ExternalVideoCapture\ZGImageSource.h">
      <Filter>Topics\ExternalVideoCapture</Filter>
    </ClInclude>
    <ClInclude Include="..\Topics\ExternalVideoCapture\stb_image.h">
      <Filter>Topics\ExternalVideoCapture</Filter>
    </ClInclude>
    <ClInclude Include="..\Topics\ExternalVideoCapture\ZGExternalVideoCaptureManager.h">
      <Filter>Topics\ExternalVideoCapture</Filter>
    </ClInclude>
    <ClInclude Include="..\Topics\ExternalVideoCapture\ZGExternalVideoCatpureDemoHelper.h">
      <Filter>Topics\ExternalVideoCapture</Filter>
    </ClInclude>
    <ClInclude Include="..\Topics\ExternalVideoCapture\ExternalVideoCaptureUI\resource.h">
      <Filter>Topics\ExternalVideoCapture\ExternalVideoCaptureUI</Filter>
    </ClInclude>
    <ClInclude Include="..\Topics\ExternalVideoCapture\ExternalVideoCaptureUI\ZGExternalVideoCaptureDlg.h">
      <Filter>Topics\ExternalVideoCapture\ExternalVideoCaptureUI</Filter>
    </ClInclude>
    <ClInclude Include="..\Topics\ExternalVideoCapture\ZegoCamera.h">
      <Filter>Topics\ExternalVideoCapture</Filter>
    </ClInclude>
    <ClInclude Include="..\Topics\ExternalVideoCapture\ZGCameraSource.h">
      <Filter>Topics\ExternalVideoCapture</Filter>
    </ClInclude>
    <ClInclude Include="..\Topics\ExternalVideoCapture\ZGScreenSource.h">
      <Filter>Topics\ExternalVideoCapture</Filter>
    </ClInclude>
    <ClInclude Include="..\Topics\ExternalVideoRender\ExternalVideoRenderUI\ExternalVideoRenderDlg.h">
      <Filter>Topics\ExternalVideoRender\ExternalVideoRenderUI</Filter>
    </ClInclude>
    <ClInclude Include="..\Topics\ExternalVideoRender\ExternalVideoRenderUI\resource.h">
      <Filter>Topics\ExternalVideoRender\ExternalVideoRenderUI</Filter>
    </ClInclude>
    <ClInclude Include="ZegoLiveRoomTopicsDlg.h">
      <Filter>头文件</Filter>
    </ClInclude>
    <ClInclude Include="..\Topics\ExternalVideoRender\ZGExternalVideoRenderDemo.h">
      <Filter>Topics\ExternalVideoRender</Filter>
    </ClInclude>
    <ClInclude Include="..\Topics\ExternalVideoRender\ZGExternalVideoRenderDemoHelper.h">
      <Filter>Topics\ExternalVideoRender</Filter>
    </ClInclude>
    <ClInclude Include="..\Topics\ExternalVideoRender\ZGVideoRender.h">
      <Filter>Topics\ExternalVideoRender</Filter>
    </ClInclude>
    <ClInclude Include="..\Topics\Publish\PublishUI\PublishDlg.h">
      <Filter>Topics\Publish\PublishUI</Filter>
    </ClInclude>
    <ClInclude Include="..\Topics\Publish\PublishUI\Resource.h">
      <Filter>Topics\Publish\PublishUI</Filter>
    </ClInclude>
    <ClInclude Include="..\Topics\Publish\PublishDemo.h">
      <Filter>Topics\Publish</Filter>
    </ClInclude>
    <ClInclude Include="..\Topics\Publish\PublishUI\InitSDKConfigDlg.h">
      <Filter>Topics\Publish\PublishUI</Filter>
    </ClInclude>
    <ClInclude Include="..\Topics\Publish\PublishUI\PublishConfigDlg.h">
      <Filter>Topics\Publish\PublishUI</Filter>
    </ClInclude>
    <ClInclude Include="..\Topics\Publish\PublishUI\LoginRoomConfigDlg.h">
      <Filter>Topics\Publish\PublishUI</Filter>
    </ClInclude>
    <ClInclude Include="..\AppSupport\ZGTimer.h">
      <Filter>Topics\MediaPlayer</Filter>
    </ClInclude>
    <ClInclude Include="..\Topics\Publish\PublishUI\BaseConfigDlg.h">
      <Filter>Topics\Publish\PublishUI</Filter>
    </ClInclude>
    <ClInclude Include="..\AppSupport\ZGConfigHelper.h">
      <Filter>AppSupport</Filter>
    </ClInclude>
    <ClInclude Include="..\Topics\ExternalVideoFilter\ExternalVideoFilterUI\ExternalVideoFilterDlg.h">
      <Filter>Topics\ExternalVideoFilter\ExternalVideoFilterUI</Filter>
    </ClInclude>
    <ClInclude Include="..\Topics\ExternalVideoFilter\ExternalVideoFilterUI\resource.h">
      <Filter>Topics\ExternalVideoFilter\ExternalVideoFilterUI</Filter>
    </ClInclude>
    <ClInclude Include="..\Topics\ExternalVideoFilter\ZGExternalVideoFilterDemoHelper.h">
      <Filter>Topics\ExternalVideoFilter</Filter>
    </ClInclude>
    <ClInclude Include="..\Topics\ExternalVideoFilter\ZGExternalVideoFilterDemo.h">
      <Filter>Topics\ExternalVideoFilter</Filter>
    </ClInclude>
    <ClInclude Include="..\Topics\ExternalVideoFilter\BeautifyFilter.h">
      <Filter>Topics\ExternalVideoFilter</Filter>
    </ClInclude>
    <ClInclude Include="..\Topics\ExternalVideoFilter\VideoFilterProcessBase.h">
      <Filter>Topics\ExternalVideoFilter</Filter>
    </ClInclude>
    <ClInclude Include="..\Topics\Publish\PublishUI\RealDataDlg.h">
      <Filter>Topics\Publish\PublishUI</Filter>
    </ClInclude>
    <ClInclude Include="..\Topics\Play\PlayDemo.h">
      <Filter>Topics\Play</Filter>
    </ClInclude>
    <ClInclude Include="..\Topics\Play\PlayUI\PlayBaseConfigDlg.h">
      <Filter>Topics\Play\PlayUI</Filter>
    </ClInclude>
    <ClInclude Include="..\Topics\Play\PlayUI\PlayConfigDlg.h">
      <Filter>Topics\Play\PlayUI</Filter>
    </ClInclude>
    <ClInclude Include="..\Topics\Play\PlayUI\PlayDlg.h">
      <Filter>Topics\Play\PlayUI</Filter>
    </ClInclude>
    <ClInclude Include="..\Topics\Play\PlayUI\PlayInitSDKConfigDlg.h">
      <Filter>Topics\Play\PlayUI</Filter>
    </ClInclude>
    <ClInclude Include="..\Topics\Play\PlayUI\PlayLoginRoomConfigDlg.h">
      <Filter>Topics\Play\PlayUI</Filter>
    </ClInclude>
    <ClInclude Include="..\Topics\Play\PlayUI\PlayRealDataDlg.h">
      <Filter>Topics\Play\PlayUI</Filter>
    </ClInclude>
    <ClInclude Include="..\Topics\Play\PlayUI\resource.h">
      <Filter>Topics\Play\PlayUI</Filter>
    </ClInclude>
    <ClInclude Include="..\Topics\VideoCommunication\VideoCommunicationUI\resource.h">
      <Filter>Topics\VideoCommunication\VideoCommunicationUI</Filter>
    </ClInclude>
    <ClInclude Include="..\Topics\VideoCommunication\VideoCommunicationUI\VideoCommunicationDlg.h">
      <Filter>Topics\VideoCommunication\VideoCommunicationUI</Filter>
    </ClInclude>
    <ClInclude Include="..\Topics\VideoCommunication\VideoCommunicationDemo.h">
      <Filter>Topics\VideoCommunication</Filter>
    </ClInclude>
    <ClInclude Include="..\Topics\JoinLive\JoinLiveUI\JoinLiveDlg.h">
      <Filter>Topics\JoinLive\JoinLiveUI</Filter>
    </ClInclude>
    <ClInclude Include="..\Topics\JoinLive\JoinLiveUI\JoinLiveLiving.h">
      <Filter>Topics\JoinLive\JoinLiveUI</Filter>
    </ClInclude>
    <ClInclude Include="..\Topics\JoinLive\JoinLiveUI\JoinLiveRoomList.h">
      <Filter>Topics\JoinLive\JoinLiveUI</Filter>
    </ClInclude>
    <ClInclude Include="..\Topics\JoinLive\JoinLiveUI\resource.h">
      <Filter>Topics\JoinLive\JoinLiveUI</Filter>
    </ClInclude>
    <ClInclude Include="..\Topics\JoinLive\JoinLiveDemo.h">
      <Filter>Topics\JoinLive</Filter>
    </ClInclude>
    <ClInclude Include="..\AppSupport\ZGHttpClient.h">
      <Filter>AppSupport</Filter>
    </ClInclude>
    <ClInclude Include="..\AppSupport\ZGTaskQueue.h">
      <Filter>AppSupport</Filter>
    </ClInclude>
    <ClInclude Include="..\Topics\MixStream\MixStreamUI\MixStreamAdvanceConfigDlg.h">
      <Filter>Topics\MixStream\MixStreamUI</Filter>
    </ClInclude>
    <ClInclude Include="..\Topics\MixStream\MixStreamUI\MixStreamBasicConfigDlg.h">
      <Filter>Topics\MixStream\MixStreamUI</Filter>
    </ClInclude>
    <ClInclude Include="..\Topics\MixStream\MixStreamUI\MixStreamDlg.h">
      <Filter>Topics\MixStream\MixStreamUI</Filter>
    </ClInclude>
    <ClInclude Include="..\Topics\MixStream\MixStreamUI\MixStreamPublishDlg.h">
      <Filter>Topics\MixStream\MixStreamUI</Filter>
    </ClInclude>
    <ClInclude Include="..\Topics\MixStream\MixStreamUI\resource.h">
      <Filter>Topics\MixStream\MixStreamUI</Filter>
    </ClInclude>
    <ClInclude Include="..\Topics\MixStream\MixStreamDemo.h">
      <Filter>Topics\MixStream</Filter>
    </ClInclude>
    <ClInclude Include="..\Topics\MixStream\MixStreamHelper.h">
      <Filter>Topics\MixStream</Filter>
    </ClInclude>
    <ClInclude Include="..\Topics\MixStream\MixStreamUI\MixStreamRoomListDlg.h">
      <Filter>Topics\MixStream\MixStreamUI</Filter>
    </ClInclude>
  </ItemGroup>
  <ItemGroup>
    <ClCompile Include="stdafx.cpp">
      <Filter>源文件</Filter>
    </ClCompile>
    <ClCompile Include="ZegoLiveRoomTopics.cpp">
      <Filter>源文件</Filter>
    </ClCompile>
    <ClCompile Include="..\Topics\MediaPlayer\ZGMediaPlayerDemo.cpp">
      <Filter>Topics\MediaPlayer</Filter>
    </ClCompile>
    <ClCompile Include="..\AppSupport\ZGHelper.cpp">
      <Filter>AppSupport</Filter>
    </ClCompile>
    <ClCompile Include="..\AppSupport\ZGManager.cpp">
      <Filter>AppSupport</Filter>
    </ClCompile>
    <ClCompile Include="..\Topics\MediaPlayer\MediaPlayerUI\MediaPlayerDialog.cpp">
      <Filter>Topics\MediaPlayer\MediaPlayerUI</Filter>
    </ClCompile>
    <ClCompile Include="..\Topics\MediaPlayer\ZGMediaPlayerDemoHelper.cpp">
      <Filter>Topics\MediaPlayer</Filter>
    </ClCompile>
    <ClCompile Include="..\AppSupport\ZGUtilTools.cpp">
      <Filter>AppSupport</Filter>
    </ClCompile>
    <ClCompile Include="..\Topics\MediaPlayer\ZGVideoCaptureForMediaPlayer.cpp">
      <Filter>Topics\MediaPlayer</Filter>
    </ClCompile>
    <ClCompile Include="..\AppSupport\ZGUIOperator.cpp">
      <Filter>AppSupport</Filter>
    </ClCompile>
    <ClCompile Include="..\AppSupport\ZGLog.cpp">
      <Filter>AppSupport</Filter>
    </ClCompile>
    <ClCompile Include="..\Topics\MediaPlayer\MediaPlayerUI\ZGSlider.cpp">
      <Filter>Topics\MediaPlayer\MediaPlayerUI</Filter>
    </ClCompile>
    <ClCompile Include="..\Topics\MediaPlayer\ZGMediaPlayerPublishHelper.cpp">
      <Filter>Topics\MediaPlayer</Filter>
    </ClCompile>
    <ClCompile Include="..\Topics\MediaSideInfo\ZGMediaSideInfoDemo.cpp">
      <Filter>Topics\MediaSideInfo</Filter>
    </ClCompile>
    <ClCompile Include="..\Topics\MediaSideInfo\MediaSideInfoUI\MediaSideInfoDlg.cpp">
      <Filter>Topics\MediaSideInfo\MediaSideInfoUI</Filter>
    </ClCompile>
    <ClCompile Include="..\Topics\MediaSideInfo\ZGMediaSideInfoDemoEnvirentmentHelper.cpp">
      <Filter>Topics\MediaSideInfo</Filter>
    </ClCompile>
    <ClCompile Include="..\Topics\MediaRecorder\MediaRecorderUI\MediaRecorderDlg.cpp">
      <Filter>Topics\MediaRecorder\MediaRecorderUI</Filter>
    </ClCompile>
    <ClCompile Include="..\Topics\MediaRecorder\ZGMediaRecorderDemo.cpp">
      <Filter>Topics\MediaRecorder</Filter>
    </ClCompile>
    <ClCompile Include="..\Topics\MediaRecorder\ZGMediaRecorderDemoHelper.cpp">
      <Filter>Topics\MediaRecorder</Filter>
    </ClCompile>
    <ClCompile Include="..\Topics\MediaSideInfo\MediaSideInfoUI\MediaSideinfoPlayVideoDlg.cpp">
      <Filter>Topics\MediaSideInfo\MediaSideInfoUI</Filter>
    </ClCompile>
    <ClCompile Include="..\Topics\MediaSideInfo\MediaSideInfoUI\MediaSideInfoPannelDlg.cpp">
      <Filter>Topics\MediaSideInfo\MediaSideInfoUI</Filter>
    </ClCompile>
    <ClCompile Include="..\Topics\ExternalVideoCapture\ZGExternalVideoCaptureDemo.cpp">
      <Filter>Topics\ExternalVideoCapture</Filter>
    </ClCompile>
    <ClCompile Include="..\Topics\ExternalVideoCapture\ZGExternalVideoSource.cpp">
      <Filter>Topics\ExternalVideoCapture</Filter>
    </ClCompile>
    <ClCompile Include="..\Topics\ExternalVideoCapture\ZGImageSource.cpp">
      <Filter>Topics\ExternalVideoCapture</Filter>
    </ClCompile>
    <ClCompile Include="..\Topics\ExternalVideoCapture\ZGExternalVideoCaptureManager.cpp">
      <Filter>Topics\ExternalVideoCapture</Filter>
    </ClCompile>
    <ClCompile Include="..\Topics\ExternalVideoCapture\ZGExternalVideoCatpureDemoHelper.cpp">
      <Filter>Topics\ExternalVideoCapture</Filter>
    </ClCompile>
    <ClCompile Include="..\Topics\ExternalVideoCapture\ExternalVideoCaptureUI\ZGExternalVideoCaptureDlg.cpp">
      <Filter>Topics\ExternalVideoCapture\ExternalVideoCaptureUI</Filter>
    </ClCompile>
    <ClCompile Include="..\Topics\ExternalVideoCapture\ZGVideoRender.cpp">
      <Filter>Topics\ExternalVideoCapture</Filter>
    </ClCompile>
    <ClCompile Include="..\Topics\ExternalVideoCapture\ZegoCamera.cpp">
      <Filter>Topics\ExternalVideoCapture</Filter>
    </ClCompile>
    <ClCompile Include="..\Topics\ExternalVideoCapture\ZGCameraSource.cpp">
      <Filter>Topics\ExternalVideoCapture</Filter>
    </ClCompile>
    <ClCompile Include="..\AppSupport\ZGTimer.cpp">
      <Filter>AppSupport</Filter>
    </ClCompile>
    <ClCompile Include="..\Topics\ExternalVideoCapture\ZGScreenSource.cpp">
      <Filter>Topics\ExternalVideoCapture</Filter>
    </ClCompile>
    <ClCompile Include="..\Topics\ExternalVideoRender\ExternalVideoRenderUI\ExternalVideoRenderDlg.cpp">
      <Filter>Topics\ExternalVideoRender\ExternalVideoRenderUI</Filter>
    </ClCompile>
    <ClCompile Include="ZegoLiveRoomTopicsDlg.cpp">
      <Filter>源文件</Filter>
    </ClCompile>
    <ClCompile Include="..\Topics\ExternalVideoRender\ZGExternalVideoRenderDemo.cpp">
      <Filter>Topics\ExternalVideoRender</Filter>
    </ClCompile>
    <ClCompile Include="..\Topics\ExternalVideoRender\ZGExternalVideoRenderDemoHelper.cpp">
      <Filter>Topics\ExternalVideoRender</Filter>
    </ClCompile>
    <ClCompile Include="..\Topics\ExternalVideoRender\ZGVideoRender.cpp">
      <Filter>Topics\ExternalVideoRender</Filter>
    </ClCompile>
    <ClCompile Include="..\Topics\Publish\PublishUI\PublishDlg.cpp">
      <Filter>Topics\Publish\PublishUI</Filter>
    </ClCompile>
    <ClCompile Include="..\Topics\Publish\PublishDemo.cpp">
      <Filter>Topics\Publish</Filter>
    </ClCompile>
    <ClCompile Include="..\Topics\Publish\PublishUI\InitSDKConfigDlg.cpp">
      <Filter>Topics\Publish\PublishUI</Filter>
    </ClCompile>
    <ClCompile Include="..\Topics\Publish\PublishUI\PublishConfigDlg.cpp">
      <Filter>Topics\Publish\PublishUI</Filter>
    </ClCompile>
    <ClCompile Include="..\Topics\Publish\PublishUI\LoginRoomConfigDlg.cpp">
      <Filter>Topics\Publish\PublishUI</Filter>
    </ClCompile>
    <ClCompile Include="..\Topics\Publish\PublishUI\BaseConfigDlg.cpp">
      <Filter>Topics\Publish\PublishUI</Filter>
    </ClCompile>
    <ClCompile Include="..\AppSupport\ZGConfigHelper.cpp">
      <Filter>AppSupport</Filter>
    </ClCompile>
    <ClCompile Include="..\Topics\ExternalVideoFilter\ExternalVideoFilterUI\ExternalVideoFilterDlg.cpp">
      <Filter>Topics\ExternalVideoFilter\ExternalVideoFilterUI</Filter>
    </ClCompile>
    <ClCompile Include="..\Topics\ExternalVideoFilter\ZGExternalVideoFilterDemoHelper.cpp">
      <Filter>Topics\ExternalVideoFilter</Filter>
    </ClCompile>
    <ClCompile Include="..\Topics\ExternalVideoFilter\ZGExternalVideoFilterDemo.cpp">
      <Filter>Topics\ExternalVideoFilter</Filter>
    </ClCompile>
    <ClCompile Include="..\Topics\ExternalVideoFilter\BeautifyFilter.cpp">
      <Filter>Topics\ExternalVideoFilter</Filter>
    </ClCompile>
    <ClCompile Include="..\Topics\ExternalVideoFilter\VideoFilterProcessBase.cpp">
      <Filter>Topics\ExternalVideoFilter</Filter>
    </ClCompile>
    <ClCompile Include="..\Topics\Publish\PublishUI\RealDataDlg.cpp">
      <Filter>Topics\Publish\PublishUI</Filter>
    </ClCompile>
    <ClCompile Include="..\Topics\Play\PlayDemo.cpp">
      <Filter>Topics\Play</Filter>
    </ClCompile>
    <ClCompile Include="..\Topics\Play\PlayUI\PlayBaseConfigDlg.cpp">
      <Filter>Topics\Play\PlayUI</Filter>
    </ClCompile>
    <ClCompile Include="..\Topics\Play\PlayUI\PlayConfigDlg.cpp">
      <Filter>Topics\Play\PlayUI</Filter>
    </ClCompile>
    <ClCompile Include="..\Topics\Play\PlayUI\PlayDlg.cpp">
      <Filter>Topics\Play\PlayUI</Filter>
    </ClCompile>
    <ClCompile Include="..\Topics\Play\PlayUI\PlayInitSDKConfigDlg.cpp">
      <Filter>Topics\Play\PlayUI</Filter>
    </ClCompile>
    <ClCompile Include="..\Topics\Play\PlayUI\PlayLoginRoomConfigDlg.cpp">
      <Filter>Topics\Play\PlayUI</Filter>
    </ClCompile>
    <ClCompile Include="..\Topics\Play\PlayUI\PlayRealDataDlg.cpp">
      <Filter>Topics\Play\PlayUI</Filter>
    </ClCompile>
    <ClCompile Include="..\Topics\VideoCommunication\VideoCommunicationUI\VideoCommunicationDlg.cpp">
      <Filter>Topics\VideoCommunication\VideoCommunicationUI</Filter>
    </ClCompile>
    <ClCompile Include="..\Topics\VideoCommunication\VideoCommunicationDemo.cpp">
      <Filter>Topics\VideoCommunication</Filter>
    </ClCompile>
    <ClCompile Include="..\Topics\JoinLive\JoinLiveUI\JoinLiveDlg.cpp">
      <Filter>Topics\JoinLive\JoinLiveUI</Filter>
    </ClCompile>
    <ClCompile Include="..\Topics\JoinLive\JoinLiveUI\JoinLiveLiving.cpp">
      <Filter>Topics\JoinLive\JoinLiveUI</Filter>
    </ClCompile>
    <ClCompile Include="..\Topics\JoinLive\JoinLiveUI\JoinLiveRoomList.cpp">
      <Filter>Topics\JoinLive\JoinLiveUI</Filter>
    </ClCompile>
    <ClCompile Include="..\Topics\JoinLive\JoinLiveDemo.cpp">
      <Filter>Topics\JoinLive</Filter>
    </ClCompile>
    <ClCompile Include="..\AppSupport\ZGHttpClient.cpp">
      <Filter>AppSupport</Filter>
    </ClCompile>
    <ClCompile Include="..\AppSupport\ZGTaskQueue.cpp">
      <Filter>AppSupport</Filter>
    </ClCompile>
    <ClCompile Include="..\Topics\MixStream\MixStreamUI\MixStreamAdvanceConfigDlg.cpp">
      <Filter>Topics\MixStream\MixStreamUI</Filter>
    </ClCompile>
    <ClCompile Include="..\Topics\MixStream\MixStreamUI\MixStreamBasicConfigDlg.cpp">
      <Filter>Topics\MixStream\MixStreamUI</Filter>
    </ClCompile>
    <ClCompile Include="..\Topics\MixStream\MixStreamUI\MixStreamDlg.cpp">
      <Filter>Topics\MixStream\MixStreamUI</Filter>
    </ClCompile>
    <ClCompile Include="..\Topics\MixStream\MixStreamUI\MixStreamPublishDlg.cpp">
      <Filter>Topics\MixStream\MixStreamUI</Filter>
    </ClCompile>
    <ClCompile Include="..\Topics\MixStream\MixStreamDemo.cpp">
      <Filter>Topics\MixStream</Filter>
    </ClCompile>
    <ClCompile Include="..\Topics\MixStream\MixStreamHelper.cpp">
      <Filter>Topics\MixStream</Filter>
    </ClCompile>
    <ClCompile Include="..\Topics\MixStream\MixStreamUI\MixStreamRoomListDlg.cpp">
      <Filter>Topics\MixStream\MixStreamUI</Filter>
    </ClCompile>
  </ItemGroup>
  <ItemGroup>
    <ResourceCompile Include="ZegoLiveRoomTopics.rc">
      <Filter>资源文件</Filter>
    </ResourceCompile>
    <ResourceCompile Include="..\Topics\MediaPlayer\MediaPlayerUI\MediaPlayerRc.rc">
      <Filter>Topics\MediaPlayer\MediaPlayerUI</Filter>
    </ResourceCompile>
    <ResourceCompile Include="..\Topics\MediaSideInfo\MediaSideInfoUI\MediaSideInfo.rc">
      <Filter>Topics\MediaSideInfo\MediaSideInfoUI</Filter>
    </ResourceCompile>
    <ResourceCompile Include="..\Topics\MediaRecorder\MediaRecorderUI\MediaRecorder.rc">
      <Filter>Topics\MediaRecorder\MediaRecorderUI</Filter>
    </ResourceCompile>
    <ResourceCompile Include="..\Topics\ExternalVideoCapture\ExternalVideoCaptureUI\ZGExternalVideoCaptureDlg.rc">
      <Filter>Topics\ExternalVideoCapture\ExternalVideoCaptureUI</Filter>
    </ResourceCompile>
    <ResourceCompile Include="..\Topics\ExternalVideoRender\ExternalVideoRenderUI\ExternalVideoRender.rc">
      <Filter>Topics\ExternalVideoRender\ExternalVideoRenderUI</Filter>
    </ResourceCompile>
    <ResourceCompile Include="..\Topics\Publish\PublishUI\Publish.rc">
      <Filter>Topics\Publish\PublishUI</Filter>
    </ResourceCompile>
    <ResourceCompile Include="..\Topics\ExternalVideoFilter\ExternalVideoFilterUI\ExternalVideoFilter.rc">
      <Filter>Topics\ExternalVideoFilter\ExternalVideoFilterUI</Filter>
    </ResourceCompile>
    <ResourceCompile Include="..\Topics\Play\PlayUI\Play.rc">
      <Filter>Topics\Play\PlayUI</Filter>
    </ResourceCompile>
    <ResourceCompile Include="..\Topics\VideoCommunication\VideoCommunicationUI\VideoCommunication.rc">
      <Filter>Topics\VideoCommunication\VideoCommunicationUI</Filter>
    </ResourceCompile>
    <ResourceCompile Include="..\Topics\JoinLive\JoinLiveUI\JoinLive.rc">
      <Filter>Topics\JoinLive\JoinLiveUI</Filter>
    </ResourceCompile>
    <ResourceCompile Include="..\Topics\MixStream\MixStreamUI\MixStream.rc">
      <Filter>Topics\MixStream\MixStreamUI</Filter>
    </ResourceCompile>
  </ItemGroup>
  <ItemGroup>
    <None Include="res\ZegoLiveRoomTopics.rc2">
      <Filter>资源文件</Filter>
    </None>
    <None Include="..\Topics\MediaPlayer\MediaPlayerUI\MediaPlayerRc.aps">
      <Filter>Topics\MediaPlayer\MediaPlayerUI</Filter>
    </None>
    <None Include="..\Topics\ExternalVideoFilter\ExternalVideoFilterUI\ExternalVideoFilter.vcxproj">
      <Filter>Topics\ExternalVideoFilter\ExternalVideoFilterUI</Filter>
    </None>
    <None Include="..\Topics\ExternalVideoFilter\ExternalVideoFilterUI\ExternalVideoFilter.vcxproj.filters">
      <Filter>Topics\ExternalVideoFilter\ExternalVideoFilterUI</Filter>
    </None>
  </ItemGroup>
  <ItemGroup>
    <Image Include="res\ZegoLiveRoomTopics.ico">
      <Filter>资源文件</Filter>
    </Image>
    <Image Include="..\app_res\wh.png">
      <Filter>资源文件</Filter>
    </Image>
    <Image Include="..\Topics\Publish\PublishUI\app_res\wh.png">
      <Filter>资源文件</Filter>
    </Image>
    <Image Include="..\Topics\Play\PlayUI\app_res\wh.png">
      <Filter>资源文件</Filter>
    </Image>
  </ItemGroup>
</Project>